
Microsoft Visual Studio Solution File, Format Version 11.00
# Visual Studio 2010
Project("{FAE04EC0-301F-11D3-BF4B-00C04F79EFBC}") = "CSE472TermProj", "Assembly-CSharp-firstpass.csproj", "{0C57B005-3E5E-D43C-4FFA-C55BFECC41EE}"
EndProject
Project("{FAE04EC0-301F-11D3-BF4B-00C04F79EFBC}") = "CSE472TermProj", "Assembly-CSharp-Editor-firstpass.csproj", "{9B424A6E-FCAD-18C9-06DD-9EE43F790ADD}"
EndProject
Project("{87BD9B03-633A-CB46-1311-2E90A158A7A0}") = "CSE472TermProj", "Assembly-UnityScript.unityproj", "{CACF9913-D67C-FF16-5BF7-4D75B88D2041}"
EndProject
Global
	GlobalSection(SolutionConfigurationPlatforms) = preSolution
		Debug|Any CPU = Debug|Any CPU
		Release|Any CPU = Release|Any CPU
	EndGlobalSection
	GlobalSection(ProjectConfigurationPlatforms) = postSolution
		{0C57B005-3E5E-D43C-4FFA-C55BFECC41EE}.Debug|Any CPU.ActiveCfg = Debug|Any CPU
		{0C57B005-3E5E-D43C-4FFA-C55BFECC41EE}.Debug|Any CPU.Build.0 = Debug|Any CPU
		{0C57B005-3E5E-D43C-4FFA-C55BFECC41EE}.Release|Any CPU.ActiveCfg = Release|Any CPU
		{0C57B005-3E5E-D43C-4FFA-C55BFECC41EE}.Release|Any CPU.Build.0 = Release|Any CPU
		{9B424A6E-FCAD-18C9-06DD-9EE43F790ADD}.Debug|Any CPU.ActiveCfg = Debug|Any CPU
		{9B424A6E-FCAD-18C9-06DD-9EE43F790ADD}.Debug|Any CPU.Build.0 = Debug|Any CPU
		{9B424A6E-FCAD-18C9-06DD-9EE43F790ADD}.Release|Any CPU.ActiveCfg = Release|Any CPU
		{9B424A6E-FCAD-18C9-06DD-9EE43F790ADD}.Release|Any CPU.Build.0 = Release|Any CPU
		{CACF9913-D67C-FF16-5BF7-4D75B88D2041}.Debug|Any CPU.ActiveCfg = Debug|Any CPU
		{CACF9913-D67C-FF16-5BF7-4D75B88D2041}.Debug|Any CPU.Build.0 = Debug|Any CPU
		{CACF9913-D67C-FF16-5BF7-4D75B88D2041}.Release|Any CPU.ActiveCfg = Release|Any CPU
		{CACF9913-D67C-FF16-5BF7-4D75B88D2041}.Release|Any CPU.Build.0 = Release|Any CPU
	EndGlobalSection
	GlobalSection(SolutionProperties) = preSolution
		HideSolutionNode = FALSE
	EndGlobalSection
	GlobalSection(MonoDevelopProperties) = preSolution
		StartupItem = Assembly-CSharp.csproj
	EndGlobalSection
EndGlobal
